
Microsoft Visual Studio Solution File, Format Version 12.00
# Visual Studio Version 17
VisualStudioVersion = 17.9.34902.65
MinimumVisualStudioVersion = 10.0.40219.1
Project("{FAE04EC0-301F-11D3-BF4B-00C04F79EFBC}") = "ejercicio1", "ejercicio1\ejercicio1.csproj", "{0E2627A2-AF27-43CB-ADE3-F8C420C6F89B}"
EndProject
Project("{FAE04EC0-301F-11D3-BF4B-00C04F79EFBC}") = "ejercicio2", "ejercicio2\ejercicio2.csproj", "{6713232A-516A-479A-B8D6-099B94BF1A78}"
EndProject
Project("{FAE04EC0-301F-11D3-BF4B-00C04F79EFBC}") = "ejercicio3", "ejercicio3\ejercicio3.csproj", "{78993B2F-B5FF-4D42-8218-CCC5FC1489EA}"
EndProject
Project("{FAE04EC0-301F-11D3-BF4B-00C04F79EFBC}") = "ejercicio4", "ejercicio4\ejercicio4.csproj", "{080462FD-8758-4736-BF61-1D261E723398}"
EndProject
Project("{FAE04EC0-301F-11D3-BF4B-00C04F79EFBC}") = "ejercicio7", "ejercicio7\ejercicio7.csproj", "{DD6650AE-F36B-4522-8AE9-23C24B7ACB4D}"
EndProject
Global
	GlobalSection(SolutionConfigurationPlatforms) = preSolution
		Debug|Any CPU = Debug|Any CPU
		Release|Any CPU = Release|Any CPU
	EndGlobalSection
	GlobalSection(ProjectConfigurationPlatforms) = postSolution
		{0E2627A2-AF27-43CB-ADE3-F8C420C6F89B}.Debug|Any CPU.ActiveCfg = Debug|Any CPU
		{0E2627A2-AF27-43CB-ADE3-F8C420C6F89B}.Debug|Any CPU.Build.0 = Debug|Any CPU
		{0E2627A2-AF27-43CB-ADE3-F8C420C6F89B}.Release|Any CPU.ActiveCfg = Release|Any CPU
		{0E2627A2-AF27-43CB-ADE3-F8C420C6F89B}.Release|Any CPU.Build.0 = Release|Any CPU
		{6713232A-516A-479A-B8D6-099B94BF1A78}.Debug|Any CPU.ActiveCfg = Debug|Any CPU
		{6713232A-516A-479A-B8D6-099B94BF1A78}.Debug|Any CPU.Build.0 = Debug|Any CPU
		{6713232A-516A-479A-B8D6-099B94BF1A78}.Release|Any CPU.ActiveCfg = Release|Any CPU
		{6713232A-516A-479A-B8D6-099B94BF1A78}.Release|Any CPU.Build.0 = Release|Any CPU
		{78993B2F-B5FF-4D42-8218-CCC5FC1489EA}.Debug|Any CPU.ActiveCfg = Debug|Any CPU
		{78993B2F-B5FF-4D42-8218-CCC5FC1489EA}.Debug|Any CPU.Build.0 = Debug|Any CPU
		{78993B2F-B5FF-4D42-8218-CCC5FC1489EA}.Release|Any CPU.ActiveCfg = Release|Any CPU
		{78993B2F-B5FF-4D42-8218-CCC5FC1489EA}.Release|Any CPU.Build.0 = Release|Any CPU
		{080462FD-8758-4736-BF61-1D261E723398}.Debug|Any CPU.ActiveCfg = Debug|Any CPU
		{080462FD-8758-4736-BF61-1D261E723398}.Debug|Any CPU.Build.0 = Debug|Any CPU
		{080462FD-8758-4736-BF61-1D261E723398}.Release|Any CPU.ActiveCfg = Release|Any CPU
		{080462FD-8758-4736-BF61-1D261E723398}.Release|Any CPU.Build.0 = Release|Any CPU
		{DD6650AE-F36B-4522-8AE9-23C24B7ACB4D}.Debug|Any CPU.ActiveCfg = Debug|Any CPU
		{DD6650AE-F36B-4522-8AE9-23C24B7ACB4D}.Debug|Any CPU.Build.0 = Debug|Any CPU
		{DD6650AE-F36B-4522-8AE9-23C24B7ACB4D}.Release|Any CPU.ActiveCfg = Release|Any CPU
		{DD6650AE-F36B-4522-8AE9-23C24B7ACB4D}.Release|Any CPU.Build.0 = Release|Any CPU
	EndGlobalSection
	GlobalSection(SolutionProperties) = preSolution
		HideSolutionNode = FALSE
	EndGlobalSection
	GlobalSection(ExtensibilityGlobals) = postSolution
		SolutionGuid = {92513D85-9001-4EC2-8282-32472B107AC9}
	EndGlobalSection
EndGlobal
